
Microsoft Visual Studio Solution File, Format Version 12.00
# Visual Studio Version 17
VisualStudioVersion = 17.3.32825.248
MinimumVisualStudioVersion = 10.0.40219.1
Project("{FAE04EC0-301F-11D3-BF4B-00C04F79EFBC}") = "WazeCredit", "WazeCredit\WazeCredit.csproj", "{B8134A4B-1D7D-4C48-9D61-D1DF02809969}"
EndProject
Global
	GlobalSection(SolutionConfigurationPlatforms) = preSolution
		Debug|Any CPU = Debug|Any CPU
		Release|Any CPU = Release|Any CPU
	EndGlobalSection
	GlobalSection(ProjectConfigurationPlatforms) = postSolution
		{B8134A4B-1D7D-4C48-9D61-D1DF02809969}.Debug|Any CPU.ActiveCfg = Debug|Any CPU
		{B8134A4B-1D7D-4C48-9D61-D1DF02809969}.Debug|Any CPU.Build.0 = Debug|Any CPU
		{B8134A4B-1D7D-4C48-9D61-D1DF02809969}.Release|Any CPU.ActiveCfg = Release|Any CPU
		{B8134A4B-1D7D-4C48-9D61-D1DF02809969}.Release|Any CPU.Build.0 = Release|Any CPU
	EndGlobalSection
	GlobalSection(SolutionProperties) = preSolution
		HideSolutionNode = FALSE
	EndGlobalSection
	GlobalSection(ExtensibilityGlobals) = postSolution
		SolutionGuid = {B51DA8D5-51EE-45AF-B60F-AAB55B53BE54}
	EndGlobalSection
EndGlobal
